
Microsoft Visual Studio Solution File, Format Version 12.00
# Visual Studio Version 17
VisualStudioVersion = 17.4.33213.308
MinimumVisualStudioVersion = 10.0.40219.1
Project("{888888A0-9F3D-457C-B088-3A5042F75D52}") = "Slow Motion", "Slow Motion.pyproj", "{7E53B942-5947-48CF-95AC-BE3589461FD9}"
EndProject
Global
	GlobalSection(SolutionConfigurationPlatforms) = preSolution
		Debug|Any CPU = Debug|Any CPU
		Release|Any CPU = Release|Any CPU
	EndGlobalSection
	GlobalSection(ProjectConfigurationPlatforms) = postSolution
		{7E53B942-5947-48CF-95AC-BE3589461FD9}.Debug|Any CPU.ActiveCfg = Debug|Any CPU
		{7E53B942-5947-48CF-95AC-BE3589461FD9}.Release|Any CPU.ActiveCfg = Release|Any CPU
	EndGlobalSection
	GlobalSection(SolutionProperties) = preSolution
		HideSolutionNode = FALSE
	EndGlobalSection
	GlobalSection(ExtensibilityGlobals) = postSolution
		SolutionGuid = {AA6F142B-53A3-42DF-8048-F7FEA7F419FB}
	EndGlobalSection
EndGlobal
